// !$*UTF8*$!
{
	archiveVersion = 1;
	classes = {
	};
	objectVersion = 71;
	objects = {

/* Begin PBXBuildFile section */
		001 /* FinderBreadcrumbsApp.swift in Sources */ = {isa = PBXBuildFile; fileRef = 101 /* FinderBreadcrumbsApp.swift */; };
		002 /* AppDelegate.swift in Sources */ = {isa = PBXBuildFile; fileRef = 102 /* AppDelegate.swift */; };
		003 /* AppCoordinator.swift in Sources */ = {isa = PBXBuildFile; fileRef = 103 /* AppCoordinator.swift */; };
		004 /* AppConfig.swift in Sources */ = {isa = PBXBuildFile; fileRef = 104 /* AppConfig.swift */; };
		005 /* AccessibilityPermissionManager.swift in Sources */ = {isa = PBXBuildFile; fileRef = 105 /* AccessibilityPermissionManager.swift */; };
		006 /* FinderAutomationService.swift in Sources */ = {isa = PBXBuildFile; fileRef = 106 /* FinderAutomationService.swift */; };
		007 /* FinderWindowTracker.swift in Sources */ = {isa = PBXBuildFile; fileRef = 107 /* FinderWindowTracker.swift */; };
		008 /* HotKeyManager.swift in Sources */ = {isa = PBXBuildFile; fileRef = 108 /* HotKeyManager.swift */; };
		009 /* OverlayWindowController.swift in Sources */ = {isa = PBXBuildFile; fileRef = 109 /* OverlayWindowController.swift */; };
		00A /* PathBarView.swift in Sources */ = {isa = PBXBuildFile; fileRef = 10A /* PathBarView.swift */; };
		00B /* PathBarViewModel.swift in Sources */ = {isa = PBXBuildFile; fileRef = 10B /* PathBarViewModel.swift */; };
		00C /* LoginItemManager.swift in Sources */ = {isa = PBXBuildFile; fileRef = 10F /* LoginItemManager.swift */; };
		00D /* SettingsWindowController.swift in Sources */ = {isa = PBXBuildFile; fileRef = 110 /* SettingsWindowController.swift */; };
		00E /* StatusMenuController.swift in Sources */ = {isa = PBXBuildFile; fileRef = 111 /* StatusMenuController.swift */; };
		00F /* WelcomeWindowController.swift in Sources */ = {isa = PBXBuildFile; fileRef = 112 /* WelcomeWindowController.swift */; };
		010 /* DragToInstallVolumeDetector.swift in Sources */ = {isa = PBXBuildFile; fileRef = 113 /* DragToInstallVolumeDetector.swift */; };
/* End PBXBuildFile section */

/* Begin PBXFileReference section */
		100 /* FinderBreadcrumbs.app */ = {isa = PBXFileReference; explicitFileType = wrapper.application; includeInIndex = 0; path = FinderBreadcrumbs.app; sourceTree = BUILT_PRODUCTS_DIR; };
		101 /* FinderBreadcrumbsApp.swift */ = {isa = PBXFileReference; lastKnownFileType = sourcecode.swift; path = FinderBreadcrumbsApp.swift; sourceTree = "<group>"; };
		102 /* AppDelegate.swift */ = {isa = PBXFileReference; lastKnownFileType = sourcecode.swift; path = AppDelegate.swift; sourceTree = "<group>"; };
		103 /* AppCoordinator.swift */ = {isa = PBXFileReference; lastKnownFileType = sourcecode.swift; path = AppCoordinator.swift; sourceTree = "<group>"; };
		104 /* AppConfig.swift */ = {isa = PBXFileReference; lastKnownFileType = sourcecode.swift; path = AppConfig.swift; sourceTree = "<group>"; };
		105 /* AccessibilityPermissionManager.swift */ = {isa = PBXFileReference; lastKnownFileType = sourcecode.swift; path = AccessibilityPermissionManager.swift; sourceTree = "<group>"; };
		106 /* FinderAutomationService.swift */ = {isa = PBXFileReference; lastKnownFileType = sourcecode.swift; path = FinderAutomationService.swift; sourceTree = "<group>"; };
		107 /* FinderWindowTracker.swift */ = {isa = PBXFileReference; lastKnownFileType = sourcecode.swift; path = FinderWindowTracker.swift; sourceTree = "<group>"; };
		108 /* HotKeyManager.swift */ = {isa = PBXFileReference; lastKnownFileType = sourcecode.swift; path = HotKeyManager.swift; sourceTree = "<group>"; };
		109 /* OverlayWindowController.swift */ = {isa = PBXFileReference; lastKnownFileType = sourcecode.swift; path = OverlayWindowController.swift; sourceTree = "<group>"; };
		10A /* PathBarView.swift */ = {isa = PBXFileReference; lastKnownFileType = sourcecode.swift; path = PathBarView.swift; sourceTree = "<group>"; };
		10B /* PathBarViewModel.swift */ = {isa = PBXFileReference; lastKnownFileType = sourcecode.swift; path = PathBarViewModel.swift; sourceTree = "<group>"; };
		10C /* Info.plist */ = {isa = PBXFileReference; lastKnownFileType = text.plist.xml; path = Info.plist; sourceTree = "<group>"; };
		10D /* default-config.json */ = {isa = PBXFileReference; lastKnownFileType = text.json; path = "default-config.json"; sourceTree = "<group>"; };
		10E /* README.md */ = {isa = PBXFileReference; lastKnownFileType = net.daringfireball.markdown; path = README.md; sourceTree = "<group>"; };
		10F /* LoginItemManager.swift */ = {isa = PBXFileReference; lastKnownFileType = sourcecode.swift; path = LoginItemManager.swift; sourceTree = "<group>"; };
		110 /* SettingsWindowController.swift */ = {isa = PBXFileReference; lastKnownFileType = sourcecode.swift; path = SettingsWindowController.swift; sourceTree = "<group>"; };
		111 /* StatusMenuController.swift */ = {isa = PBXFileReference; lastKnownFileType = sourcecode.swift; path = StatusMenuController.swift; sourceTree = "<group>"; };
		112 /* WelcomeWindowController.swift */ = {isa = PBXFileReference; lastKnownFileType = sourcecode.swift; path = WelcomeWindowController.swift; sourceTree = "<group>"; };
		113 /* DragToInstallVolumeDetector.swift */ = {isa = PBXFileReference; lastKnownFileType = sourcecode.swift; path = DragToInstallVolumeDetector.swift; sourceTree = "<group>"; };
/* End PBXFileReference section */

/* Begin PBXFrameworksBuildPhase section */
		200 /* Frameworks */ = {
			isa = PBXFrameworksBuildPhase;
			buildActionMask = 2147483647;
			files = (
			);
			runOnlyForDeploymentPostprocessing = 0;
		};
/* End PBXFrameworksBuildPhase section */

/* Begin PBXGroup section */
		300 = {
			isa = PBXGroup;
			children = (
				301 /* FinderBreadcrumbs */,
				302 /* Config */,
				303 /*  */,
				100 /* FinderBreadcrumbs.app */,
			);
			sourceTree = "<group>";
		};
		301 /* FinderBreadcrumbs */ = {
			isa = PBXGroup;
			children = (
				101 /* FinderBreadcrumbsApp.swift */,
				102 /* AppDelegate.swift */,
				103 /* AppCoordinator.swift */,
				104 /* AppConfig.swift */,
				105 /* AccessibilityPermissionManager.swift */,
				106 /* FinderAutomationService.swift */,
				113 /* DragToInstallVolumeDetector.swift */,
				107 /* FinderWindowTracker.swift */,
				108 /* HotKeyManager.swift */,
				10F /* LoginItemManager.swift */,
				109 /* OverlayWindowController.swift */,
				10A /* PathBarView.swift */,
				10B /* PathBarViewModel.swift */,
				112 /* WelcomeWindowController.swift */,
				110 /* SettingsWindowController.swift */,
				111 /* StatusMenuController.swift */,
				10C /* Info.plist */,
			);
			path = FinderBreadcrumbs;
			sourceTree = "<group>";
		};
		302 /* Config */ = {
			isa = PBXGroup;
			children = (
				10D /* default-config.json */,
			);
			path = Config;
			sourceTree = "<group>";
		};
		303 /*  */ = {
			isa = PBXGroup;
			children = (
				10E /* README.md */,
			);
			name = "";
			sourceTree = "<group>";
		};
/* End PBXGroup section */

/* Begin PBXNativeTarget section */
		400 /* FinderBreadcrumbs */ = {
			isa = PBXNativeTarget;
			buildConfigurationList = 700 /* Build configuration list for PBXNativeTarget "FinderBreadcrumbs" */;
			buildPhases = (
				500 /* Sources */,
				200 /* Frameworks */,
				501 /* Resources */,
			);
			buildRules = (
			);
			dependencies = (
			);
			name = FinderBreadcrumbs;
			productName = FinderBreadcrumbs;
			productReference = 100 /* FinderBreadcrumbs.app */;
			productType = "com.apple.product-type.application";
		};
/* End PBXNativeTarget section */

/* Begin PBXProject section */
		600 /* Project object */ = {
			isa = PBXProject;
			attributes = {
				BuildIndependentTargetsInParallel = 1;
				LastSwiftUpdateCheck = 2600;
				LastUpgradeCheck = 2660;
				TargetAttributes = {
					400 = {
						CreatedOnToolsVersion = 26.0;
					};
				};
			};
			buildConfigurationList = 701 /* Build configuration list for PBXProject "FinderBreadcrumbs" */;
			compatibilityVersion = "Xcode 16.0";
			developmentRegion = en;
			hasScannedForEncodings = 0;
			knownRegions = (
				en,
				Base,
			);
			mainGroup = 300;
			productRefGroup = 300;
			projectDirPath = "";
			projectRoot = "";
			targets = (
				400 /* FinderBreadcrumbs */,
			);
		};
/* End PBXProject section */

/* Begin PBXResourcesBuildPhase section */
		501 /* Resources */ = {
			isa = PBXResourcesBuildPhase;
			buildActionMask = 2147483647;
			files = (
			);
			runOnlyForDeploymentPostprocessing = 0;
		};
/* End PBXResourcesBuildPhase section */

/* Begin PBXSourcesBuildPhase section */
		500 /* Sources */ = {
			isa = PBXSourcesBuildPhase;
			buildActionMask = 2147483647;
			files = (
				001 /* FinderBreadcrumbsApp.swift in Sources */,
				002 /* AppDelegate.swift in Sources */,
				003 /* AppCoordinator.swift in Sources */,
				004 /* AppConfig.swift in Sources */,
				005 /* AccessibilityPermissionManager.swift in Sources */,
				006 /* FinderAutomationService.swift in Sources */,
				007 /* FinderWindowTracker.swift in Sources */,
				008 /* HotKeyManager.swift in Sources */,
				009 /* OverlayWindowController.swift in Sources */,
				00A /* PathBarView.swift in Sources */,
				00B /* PathBarViewModel.swift in Sources */,
				00C /* LoginItemManager.swift in Sources */,
				00D /* SettingsWindowController.swift in Sources */,
				00E /* StatusMenuController.swift in Sources */,
				00F /* WelcomeWindowController.swift in Sources */,
				010 /* DragToInstallVolumeDetector.swift in Sources */,
			);
			runOnlyForDeploymentPostprocessing = 0;
		};
/* End PBXSourcesBuildPhase section */

/* Begin XCBuildConfiguration section */
		800 /* Debug */ = {
			isa = XCBuildConfiguration;
			buildSettings = {
				ALWAYS_SEARCH_USER_PATHS = NO;
				CLANG_ENABLE_MODULES = YES;
				CLANG_ENABLE_OBJC_WEAK = YES;
				CODE_SIGN_STYLE = Automatic;
				CURRENT_PROJECT_VERSION = 1;
				DEAD_CODE_STRIPPING = YES;
				GENERATE_INFOPLIST_FILE = NO;
				INFOPLIST_FILE = FinderBreadcrumbs/Info.plist;
				LD_RUNPATH_SEARCH_PATHS = (
					"$(inherited)",
					"@executable_path/../Frameworks",
				);
				MACOSX_DEPLOYMENT_TARGET = 15.0;
				MARKETING_VERSION = 0.1.0;
				PRODUCT_BUNDLE_IDENTIFIER = com.orlando.FinderBreadcrumbs;
				PRODUCT_NAME = "$(TARGET_NAME)";
				SDKROOT = macosx;
				SWIFT_EMIT_LOC_STRINGS = YES;
				SWIFT_VERSION = 6.0;
			};
			name = Debug;
		};
		801 /* Release */ = {
			isa = XCBuildConfiguration;
			buildSettings = {
				ALWAYS_SEARCH_USER_PATHS = NO;
				CLANG_ENABLE_MODULES = YES;
				CLANG_ENABLE_OBJC_WEAK = YES;
				CODE_SIGN_STYLE = Automatic;
				CURRENT_PROJECT_VERSION = 1;
				DEAD_CODE_STRIPPING = YES;
				GENERATE_INFOPLIST_FILE = NO;
				INFOPLIST_FILE = FinderBreadcrumbs/Info.plist;
				LD_RUNPATH_SEARCH_PATHS = (
					"$(inherited)",
					"@executable_path/../Frameworks",
				);
				MACOSX_DEPLOYMENT_TARGET = 15.0;
				MARKETING_VERSION = 0.1.0;
				PRODUCT_BUNDLE_IDENTIFIER = com.orlando.FinderBreadcrumbs;
				PRODUCT_NAME = "$(TARGET_NAME)";
				SDKROOT = macosx;
				SWIFT_EMIT_LOC_STRINGS = YES;
				SWIFT_VERSION = 6.0;
			};
			name = Release;
		};
		802 /* Debug */ = {
			isa = XCBuildConfiguration;
			buildSettings = {
				CLANG_WARN_BLOCK_CAPTURE_AUTORELEASING = YES;
				CLANG_WARN_BOOL_CONVERSION = YES;
				CLANG_WARN_COMMA = YES;
				CLANG_WARN_CONSTANT_CONVERSION = YES;
				CLANG_WARN_DEPRECATED_OBJC_IMPLEMENTATIONS = YES;
				CLANG_WARN_EMPTY_BODY = YES;
				CLANG_WARN_ENUM_CONVERSION = YES;
				CLANG_WARN_INFINITE_RECURSION = YES;
				CLANG_WARN_INT_CONVERSION = YES;
				CLANG_WARN_NON_LITERAL_NULL_CONVERSION = YES;
				CLANG_WARN_OBJC_IMPLICIT_RETAIN_SELF = YES;
				CLANG_WARN_OBJC_LITERAL_CONVERSION = YES;
				CLANG_WARN_QUOTED_INCLUDE_IN_FRAMEWORK_HEADER = YES;
				CLANG_WARN_RANGE_LOOP_ANALYSIS = YES;
				CLANG_WARN_STRICT_PROTOTYPES = YES;
				CLANG_WARN_SUSPICIOUS_MOVE = YES;
				CLANG_WARN_UNREACHABLE_CODE = YES;
				CLANG_WARN__DUPLICATE_METHOD_MATCH = YES;
				CODE_SIGN_STYLE = Automatic;
				DEAD_CODE_STRIPPING = YES;
				ENABLE_STRICT_OBJC_MSGSEND = YES;
				ENABLE_TESTABILITY = YES;
				ENABLE_USER_SCRIPT_SANDBOXING = YES;
				GCC_NO_COMMON_BLOCKS = YES;
				GCC_WARN_64_TO_32_BIT_CONVERSION = YES;
				GCC_WARN_ABOUT_RETURN_TYPE = YES;
				GCC_WARN_UNDECLARED_SELECTOR = YES;
				GCC_WARN_UNINITIALIZED_AUTOS = YES;
				GCC_WARN_UNUSED_FUNCTION = YES;
				GCC_WARN_UNUSED_VARIABLE = YES;
				ONLY_ACTIVE_ARCH = YES;
				STRING_CATALOG_GENERATE_SYMBOLS = YES;
			};
			name = Debug;
		};
		803 /* Release */ = {
			isa = XCBuildConfiguration;
			buildSettings = {
				CLANG_WARN_BLOCK_CAPTURE_AUTORELEASING = YES;
				CLANG_WARN_BOOL_CONVERSION = YES;
				CLANG_WARN_COMMA = YES;
				CLANG_WARN_CONSTANT_CONVERSION = YES;
				CLANG_WARN_DEPRECATED_OBJC_IMPLEMENTATIONS = YES;
				CLANG_WARN_EMPTY_BODY = YES;
				CLANG_WARN_ENUM_CONVERSION = YES;
				CLANG_WARN_INFINITE_RECURSION = YES;
				CLANG_WARN_INT_CONVERSION = YES;
				CLANG_WARN_NON_LITERAL_NULL_CONVERSION = YES;
				CLANG_WARN_OBJC_IMPLICIT_RETAIN_SELF = YES;
				CLANG_WARN_OBJC_LITERAL_CONVERSION = YES;
				CLANG_WARN_QUOTED_INCLUDE_IN_FRAMEWORK_HEADER = YES;
				CLANG_WARN_RANGE_LOOP_ANALYSIS = YES;
				CLANG_WARN_STRICT_PROTOTYPES = YES;
				CLANG_WARN_SUSPICIOUS_MOVE = YES;
				CLANG_WARN_UNREACHABLE_CODE = YES;
				CLANG_WARN__DUPLICATE_METHOD_MATCH = YES;
				CODE_SIGN_STYLE = Automatic;
				DEAD_CODE_STRIPPING = YES;
				ENABLE_STRICT_OBJC_MSGSEND = YES;
				ENABLE_USER_SCRIPT_SANDBOXING = YES;
				GCC_NO_COMMON_BLOCKS = YES;
				GCC_WARN_64_TO_32_BIT_CONVERSION = YES;
				GCC_WARN_ABOUT_RETURN_TYPE = YES;
				GCC_WARN_UNDECLARED_SELECTOR = YES;
				GCC_WARN_UNINITIALIZED_AUTOS = YES;
				GCC_WARN_UNUSED_FUNCTION = YES;
				GCC_WARN_UNUSED_VARIABLE = YES;
				STRING_CATALOG_GENERATE_SYMBOLS = YES;
				SWIFT_COMPILATION_MODE = wholemodule;
			};
			name = Release;
		};
/* End XCBuildConfiguration section */

/* Begin XCConfigurationList section */
		700 /* Build configuration list for PBXNativeTarget "FinderBreadcrumbs" */ = {
			isa = XCConfigurationList;
			buildConfigurations = (
				800 /* Debug */,
				801 /* Release */,
			);
			defaultConfigurationIsVisible = 0;
			defaultConfigurationName = Debug;
		};
		701 /* Build configuration list for PBXProject "FinderBreadcrumbs" */ = {
			isa = XCConfigurationList;
			buildConfigurations = (
				802 /* Debug */,
				803 /* Release */,
			);
			defaultConfigurationIsVisible = 0;
			defaultConfigurationName = Debug;
		};
/* End XCConfigurationList section */
	};
	rootObject = 600 /* Project object */;
}
